// !$*UTF8*$!
{
	archiveVersion = 1;
	classes = {
	};
	objectVersion = 50;
	objects = {

/* Begin PBXBuildFile section */
		97664386217F1FAE00EB4C5F /* AppDelegate.swift in Sources */ = {isa = PBXBuildFile; fileRef = 97664385217F1FAE00EB4C5F /* AppDelegate.swift */; };
		97664388217F1FAE00EB4C5F /* BaseViewController.swift in Sources */ = {isa = PBXBuildFile; fileRef = 97664387217F1FAE00EB4C5F /* BaseViewController.swift */; };
		9766438B217F1FAE00EB4C5F /* Main.storyboard in Resources */ = {isa = PBXBuildFile; fileRef = 97664389217F1FAE00EB4C5F /* Main.storyboard */; };
		9766438D217F1FB000EB4C5F /* Assets.xcassets in Resources */ = {isa = PBXBuildFile; fileRef = 9766438C217F1FB000EB4C5F /* Assets.xcassets */; };
		97664390217F1FB000EB4C5F /* LaunchScreen.storyboard in Resources */ = {isa = PBXBuildFile; fileRef = 9766438E217F1FB000EB4C5F /* LaunchScreen.storyboard */; };
		97869C3821815643007B0C73 /* ViewController.swift in Sources */ = {isa = PBXBuildFile; fileRef = 97869C3721815643007B0C73 /* ViewController.swift */; };
		97869C3C218159B6007B0C73 /* Animation.swift in Sources */ = {isa = PBXBuildFile; fileRef = 97869C3B218159B6007B0C73 /* Animation.swift */; };
		9FE666C8385CCDB769D5EADD /* Pods_Demo.framework in Frameworks */ = {isa = PBXBuildFile; fileRef = 3F9CDE462D7E4DA33D7E6850 /* Pods_Demo.framework */; };
/* End PBXBuildFile section */

/* Begin PBXFileReference section */
		3F9CDE462D7E4DA33D7E6850 /* Pods_Demo.framework */ = {isa = PBXFileReference; explicitFileType = wrapper.framework; includeInIndex = 0; path = Pods_Demo.framework; sourceTree = BUILT_PRODUCTS_DIR; };
		97664382217F1FAE00EB4C5F /* Demo.app */ = {isa = PBXFileReference; explicitFileType = wrapper.application; includeInIndex = 0; path = Demo.app; sourceTree = BUILT_PRODUCTS_DIR; };
		97664385217F1FAE00EB4C5F /* AppDelegate.swift */ = {isa = PBXFileReference; lastKnownFileType = sourcecode.swift; path = AppDelegate.swift; sourceTree = "<group>"; };
		97664387217F1FAE00EB4C5F /* BaseViewController.swift */ = {isa = PBXFileReference; lastKnownFileType = sourcecode.swift; path = BaseViewController.swift; sourceTree = "<group>"; };
		9766438A217F1FAE00EB4C5F /* Base */ = {isa = PBXFileReference; lastKnownFileType = file.storyboard; name = Base; path = Base.lproj/Main.storyboard; sourceTree = "<group>"; };
		9766438C217F1FB000EB4C5F /* Assets.xcassets */ = {isa = PBXFileReference; lastKnownFileType = folder.assetcatalog; path = Assets.xcassets; sourceTree = "<group>"; };
		9766438F217F1FB000EB4C5F /* Base */ = {isa = PBXFileReference; lastKnownFileType = file.storyboard; name = Base; path = Base.lproj/LaunchScreen.storyboard; sourceTree = "<group>"; };
		97664391217F1FB000EB4C5F /* Info.plist */ = {isa = PBXFileReference; lastKnownFileType = text.plist.xml; path = Info.plist; sourceTree = "<group>"; };
		97869C3721815643007B0C73 /* ViewController.swift */ = {isa = PBXFileReference; lastKnownFileType = sourcecode.swift; path = ViewController.swift; sourceTree = "<group>"; };
		97869C3B218159B6007B0C73 /* Animation.swift */ = {isa = PBXFileReference; lastKnownFileType = sourcecode.swift; path = Animation.swift; sourceTree = "<group>"; };
		C41EADB5CE476D795DCBA53F /* Pods-Demo.release.xcconfig */ = {isa = PBXFileReference; includeInIndex = 1; lastKnownFileType = text.xcconfig; name = "Pods-Demo.release.xcconfig"; path = "Pods/Target Support Files/Pods-Demo/Pods-Demo.release.xcconfig"; sourceTree = "<group>"; };
		D97DA6134243ADC57ADB73C7 /* Pods-Demo.debug.xcconfig */ = {isa = PBXFileReference; includeInIndex = 1; lastKnownFileType = text.xcconfig; name = "Pods-Demo.debug.xcconfig"; path = "Pods/Target Support Files/Pods-Demo/Pods-Demo.debug.xcconfig"; sourceTree = "<group>"; };
/* End PBXFileReference section */

/* Begin PBXFrameworksBuildPhase section */
		9766437F217F1FAE00EB4C5F /* Frameworks */ = {
			isa = PBXFrameworksBuildPhase;
			buildActionMask = 2147483647;
			files = (
				9FE666C8385CCDB769D5EADD /* Pods_Demo.framework in Frameworks */,
			);
			runOnlyForDeploymentPostprocessing = 0;
		};
/* End PBXFrameworksBuildPhase section */

/* Begin PBXGroup section */
		3DB9171DB7A1091AF3A97C35 /* Frameworks */ = {
			isa = PBXGroup;
			children = (
				3F9CDE462D7E4DA33D7E6850 /* Pods_Demo.framework */,
			);
			name = Frameworks;
			sourceTree = "<group>";
		};
		3E581CEB744BFAE98DF07FD4 /* Pods */ = {
			isa = PBXGroup;
			children = (
				D97DA6134243ADC57ADB73C7 /* Pods-Demo.debug.xcconfig */,
				C41EADB5CE476D795DCBA53F /* Pods-Demo.release.xcconfig */,
			);
			name = Pods;
			sourceTree = "<group>";
		};
		97664379217F1FAE00EB4C5F = {
			isa = PBXGroup;
			children = (
				97664384217F1FAE00EB4C5F /* Demo */,
				97664383217F1FAE00EB4C5F /* Products */,
				3E581CEB744BFAE98DF07FD4 /* Pods */,
				3DB9171DB7A1091AF3A97C35 /* Frameworks */,
			);
			sourceTree = "<group>";
		};
		97664383217F1FAE00EB4C5F /* Products */ = {
			isa = PBXGroup;
			children = (
				97664382217F1FAE00EB4C5F /* Demo.app */,
			);
			name = Products;
			sourceTree = "<group>";
		};
		97664384217F1FAE00EB4C5F /* Demo */ = {
			isa = PBXGroup;
			children = (
				97DB2B7621816D760060CA50 /* P2P */,
				97869C3A2181594B007B0C73 /* Utility */,
				97869C392181591B007B0C73 /* Controllers */,
				97664385217F1FAE00EB4C5F /* AppDelegate.swift */,
				97664389217F1FAE00EB4C5F /* Main.storyboard */,
				9766438C217F1FB000EB4C5F /* Assets.xcassets */,
				9766438E217F1FB000EB4C5F /* LaunchScreen.storyboard */,
				97664391217F1FB000EB4C5F /* Info.plist */,
			);
			path = Demo;
			sourceTree = "<group>";
		};
		97869C392181591B007B0C73 /* Controllers */ = {
			isa = PBXGroup;
			children = (
				97664387217F1FAE00EB4C5F /* BaseViewController.swift */,
				97869C3721815643007B0C73 /* ViewController.swift */,
			);
			path = Controllers;
			sourceTree = "<group>";
		};
		97869C3A2181594B007B0C73 /* Utility */ = {
			isa = PBXGroup;
			children = (
				97869C3B218159B6007B0C73 /* Animation.swift */,
			);
			path = Utility;
			sourceTree = "<group>";
		};
		97DB2B7621816D760060CA50 /* P2P */ = {
			isa = PBXGroup;
			children = (
			);
			path = P2P;
			sourceTree = "<group>";
		};
/* End PBXGroup section */

/* Begin PBXNativeTarget section */
		97664381217F1FAE00EB4C5F /* Demo */ = {
			isa = PBXNativeTarget;
			buildConfigurationList = 97664394217F1FB000EB4C5F /* Build configuration list for PBXNativeTarget "Demo" */;
			buildPhases = (
				E58C154CD38B7750C83FD187 /* [CP] Check Pods Manifest.lock */,
				9766437E217F1FAE00EB4C5F /* Sources */,
				9766437F217F1FAE00EB4C5F /* Frameworks */,
				97664380217F1FAE00EB4C5F /* Resources */,
			);
			buildRules = (
			);
			dependencies = (
			);
			name = Demo;
			productName = Demo;
			productReference = 97664382217F1FAE00EB4C5F /* Demo.app */;
			productType = "com.apple.product-type.application";
		};
/* End PBXNativeTarget section */

/* Begin PBXProject section */
		9766437A217F1FAE00EB4C5F /* Project object */ = {
			isa = PBXProject;
			attributes = {
				LastSwiftUpdateCheck = 1000;
				LastUpgradeCheck = 1000;
				ORGANIZATIONNAME = Heka;
				TargetAttributes = {
					97664381217F1FAE00EB4C5F = {
						CreatedOnToolsVersion = 10.0;
					};
				};
			};
			buildConfigurationList = 9766437D217F1FAE00EB4C5F /* Build configuration list for PBXProject "Demo" */;
			compatibilityVersion = "Xcode 9.3";
			developmentRegion = en;
			hasScannedForEncodings = 0;
			knownRegions = (
				en,
				Base,
			);
			mainGroup = 97664379217F1FAE00EB4C5F;
			productRefGroup = 97664383217F1FAE00EB4C5F /* Products */;
			projectDirPath = "";
			projectRoot = "";
			targets = (
				97664381217F1FAE00EB4C5F /* Demo */,
			);
		};
/* End PBXProject section */

/* Begin PBXResourcesBuildPhase section */
		97664380217F1FAE00EB4C5F /* Resources */ = {
			isa = PBXResourcesBuildPhase;
			buildActionMask = 2147483647;
			files = (
				97664390217F1FB000EB4C5F /* LaunchScreen.storyboard in Resources */,
				9766438D217F1FB000EB4C5F /* Assets.xcassets in Resources */,
				9766438B217F1FAE00EB4C5F /* Main.storyboard in Resources */,
			);
			runOnlyForDeploymentPostprocessing = 0;
		};
/* End PBXResourcesBuildPhase section */

/* Begin PBXShellScriptBuildPhase section */
		E58C154CD38B7750C83FD187 /* [CP] Check Pods Manifest.lock */ = {
			isa = PBXShellScriptBuildPhase;
			buildActionMask = 2147483647;
			files = (
			);
			inputPaths = (
				"${PODS_PODFILE_DIR_PATH}/Podfile.lock",
				"${PODS_ROOT}/Manifest.lock",
			);
			name = "[CP] Check Pods Manifest.lock";
			outputPaths = (
				"$(DERIVED_FILE_DIR)/Pods-Demo-checkManifestLockResult.txt",
			);
			runOnlyForDeploymentPostprocessing = 0;
			shellPath = /bin/sh;
			shellScript = "diff \"${PODS_PODFILE_DIR_PATH}/Podfile.lock\" \"${PODS_ROOT}/Manifest.lock\" > /dev/null\nif [ $? != 0 ] ; then\n    # print error to STDERR\n    echo \"error: The sandbox is not in sync with the Podfile.lock. Run 'pod install' or update your CocoaPods installation.\" >&2\n    exit 1\nfi\n# This output is used by Xcode 'outputs' to avoid re-running this script phase.\necho \"SUCCESS\" > \"${SCRIPT_OUTPUT_FILE_0}\"\n";
			showEnvVarsInLog = 0;
		};
/* End PBXShellScriptBuildPhase section */

/* Begin PBXSourcesBuildPhase section */
		9766437E217F1FAE00EB4C5F /* Sources */ = {
			isa = PBXSourcesBuildPhase;
			buildActionMask = 2147483647;
			files = (
				97869C3821815643007B0C73 /* ViewController.swift in Sources */,
				97664388217F1FAE00EB4C5F /* BaseViewController.swift in Sources */,
				97869C3C218159B6007B0C73 /* Animation.swift in Sources */,
				97664386217F1FAE00EB4C5F /* AppDelegate.swift in Sources */,
			);
			runOnlyForDeploymentPostprocessing = 0;
		};
/* End PBXSourcesBuildPhase section */

/* Begin PBXVariantGroup section */
		97664389217F1FAE00EB4C5F /* Main.storyboard */ = {
			isa = PBXVariantGroup;
			children = (
				9766438A217F1FAE00EB4C5F /* Base */,
			);
			name = Main.storyboard;
			sourceTree = "<group>";
		};
		9766438E217F1FB000EB4C5F /* LaunchScreen.storyboard */ = {
			isa = PBXVariantGroup;
			children = (
				9766438F217F1FB000EB4C5F /* Base */,
			);
			name = LaunchScreen.storyboard;
			sourceTree = "<group>";
		};
/* End PBXVariantGroup section */

/* Begin XCBuildConfiguration section */
		97664392217F1FB000EB4C5F /* Debug */ = {
			isa = XCBuildConfiguration;
			buildSettings = {
				ALWAYS_SEARCH_USER_PATHS = NO;
				CLANG_ANALYZER_NONNULL = YES;
				CLANG_ANALYZER_NUMBER_OBJECT_CONVERSION = YES_AGGRESSIVE;
				CLANG_CXX_LANGUAGE_STANDARD = "gnu++14";
				CLANG_CXX_LIBRARY = "libc++";
				CLANG_ENABLE_MODULES = YES;
				CLANG_ENABLE_OBJC_ARC = YES;
				CLANG_ENABLE_OBJC_WEAK = YES;
				CLANG_WARN_BLOCK_CAPTURE_AUTORELEASING = YES;
				CLANG_WARN_BOOL_CONVERSION = YES;
				CLANG_WARN_COMMA = YES;
				CLANG_WARN_CONSTANT_CONVERSION = YES;
				CLANG_WARN_DEPRECATED_OBJC_IMPLEMENTATIONS = YES;
				CLANG_WARN_DIRECT_OBJC_ISA_USAGE = YES_ERROR;
				CLANG_WARN_DOCUMENTATION_COMMENTS = YES;
				CLANG_WARN_EMPTY_BODY = YES;
				CLANG_WARN_ENUM_CONVERSION = YES;
				CLANG_WARN_INFINITE_RECURSION = YES;
				CLANG_WARN_INT_CONVERSION = YES;
				CLANG_WARN_NON_LITERAL_NULL_CONVERSION = YES;
				CLANG_WARN_OBJC_IMPLICIT_RETAIN_SELF = YES;
				CLANG_WARN_OBJC_LITERAL_CONVERSION = YES;
				CLANG_WARN_OBJC_ROOT_CLASS = YES_ERROR;
				CLANG_WARN_RANGE_LOOP_ANALYSIS = YES;
				CLANG_WARN_STRICT_PROTOTYPES = YES;
				CLANG_WARN_SUSPICIOUS_MOVE = YES;
				CLANG_WARN_UNGUARDED_AVAILABILITY = YES_AGGRESSIVE;
				CLANG_WARN_UNREACHABLE_CODE = YES;
				CLANG_WARN__DUPLICATE_METHOD_MATCH = YES;
				CODE_SIGN_IDENTITY = "iPhone Developer";
				COPY_PHASE_STRIP = NO;
				DEBUG_INFORMATION_FORMAT = dwarf;
				ENABLE_STRICT_OBJC_MSGSEND = YES;
				ENABLE_TESTABILITY = YES;
				GCC_C_LANGUAGE_STANDARD = gnu11;
				GCC_DYNAMIC_NO_PIC = NO;
				GCC_NO_COMMON_BLOCKS = YES;
				GCC_OPTIMIZATION_LEVEL = 0;
				GCC_PREPROCESSOR_DEFINITIONS = (
					"DEBUG=1",
					"$(inherited)",
				);
				GCC_WARN_64_TO_32_BIT_CONVERSION = YES;
				GCC_WARN_ABOUT_RETURN_TYPE = YES_ERROR;
				GCC_WARN_UNDECLARED_SELECTOR = YES;
				GCC_WARN_UNINITIALIZED_AUTOS = YES_AGGRESSIVE;
				GCC_WARN_UNUSED_FUNCTION = YES;
				GCC_WARN_UNUSED_VARIABLE = YES;
				IPHONEOS_DEPLOYMENT_TARGET = 12.0;
				MTL_ENABLE_DEBUG_INFO = INCLUDE_SOURCE;
				MTL_FAST_MATH = YES;
				ONLY_ACTIVE_ARCH = YES;
				SDKROOT = iphoneos;
				SWIFT_ACTIVE_COMPILATION_CONDITIONS = DEBUG;
				SWIFT_OPTIMIZATION_LEVEL = "-Onone";
			};
			name = Debug;
		};
		97664393217F1FB000EB4C5F /* Release */ = {
			isa = XCBuildConfiguration;
			buildSettings = {
				ALWAYS_SEARCH_USER_PATHS = NO;
				CLANG_ANALYZER_NONNULL = YES;
				CLANG_ANALYZER_NUMBER_OBJECT_CONVERSION = YES_AGGRESSIVE;
				CLANG_CXX_LANGUAGE_STANDARD = "gnu++14";
				CLANG_CXX_LIBRARY = "libc++";
				CLANG_ENABLE_MODULES = YES;
				CLANG_ENABLE_OBJC_ARC = YES;
				CLANG_ENABLE_OBJC_WEAK = YES;
				CLANG_WARN_BLOCK_CAPTURE_AUTORELEASING = YES;
				CLANG_WARN_BOOL_CONVERSION = YES;
				CLANG_WARN_COMMA = YES;
				CLANG_WARN_CONSTANT_CONVERSION = YES;
				CLANG_WARN_DEPRECATED_OBJC_IMPLEMENTATIONS = YES;
				CLANG_WARN_DIRECT_OBJC_ISA_USAGE = YES_ERROR;
				CLANG_WARN_DOCUMENTATION_COMMENTS = YES;
				CLANG_WARN_EMPTY_BODY = YES;
				CLANG_WARN_ENUM_CONVERSION = YES;
				CLANG_WARN_INFINITE_RECURSION = YES;
				CLANG_WARN_INT_CONVERSION = YES;
				CLANG_WARN_NON_LITERAL_NULL_CONVERSION = YES;
				CLANG_WARN_OBJC_IMPLICIT_RETAIN_SELF = YES;
				CLANG_WARN_OBJC_LITERAL_CONVERSION = YES;
				CLANG_WARN_OBJC_ROOT_CLASS = YES_ERROR;
				CLANG_WARN_RANGE_LOOP_ANALYSIS = YES;
				CLANG_WARN_STRICT_PROTOTYPES = YES;
				CLANG_WARN_SUSPICIOUS_MOVE = YES;
				CLANG_WARN_UNGUARDED_AVAILABILITY = YES_AGGRESSIVE;
				CLANG_WARN_UNREACHABLE_CODE = YES;
				CLANG_WARN__DUPLICATE_METHOD_MATCH = YES;
				CODE_SIGN_IDENTITY = "iPhone Developer";
				COPY_PHASE_STRIP = NO;
				DEBUG_INFORMATION_FORMAT = "dwarf-with-dsym";
				ENABLE_NS_ASSERTIONS = NO;
				ENABLE_STRICT_OBJC_MSGSEND = YES;
				GCC_C_LANGUAGE_STANDARD = gnu11;
				GCC_NO_COMMON_BLOCKS = YES;
				GCC_WARN_64_TO_32_BIT_CONVERSION = YES;
				GCC_WARN_ABOUT_RETURN_TYPE = YES_ERROR;
				GCC_WARN_UNDECLARED_SELECTOR = YES;
				GCC_WARN_UNINITIALIZED_AUTOS = YES_AGGRESSIVE;
				GCC_WARN_UNUSED_FUNCTION = YES;
				GCC_WARN_UNUSED_VARIABLE = YES;
				IPHONEOS_DEPLOYMENT_TARGET = 12.0;
				MTL_ENABLE_DEBUG_INFO = NO;
				MTL_FAST_MATH = YES;
				SDKROOT = iphoneos;
				SWIFT_COMPILATION_MODE = wholemodule;
				SWIFT_OPTIMIZATION_LEVEL = "-O";
				VALIDATE_PRODUCT = YES;
			};
			name = Release;
		};
		97664395217F1FB000EB4C5F /* Debug */ = {
			isa = XCBuildConfiguration;
			baseConfigurationReference = D97DA6134243ADC57ADB73C7 /* Pods-Demo.debug.xcconfig */;
			buildSettings = {
				ASSETCATALOG_COMPILER_APPICON_NAME = AppIcon;
				CODE_SIGN_STYLE = Automatic;
				DEVELOPMENT_TEAM = V434W54Y9J;
				INFOPLIST_FILE = Demo/Info.plist;
				LD_RUNPATH_SEARCH_PATHS = (
					"$(inherited)",
					"@executable_path/Frameworks",
				);
				PRODUCT_BUNDLE_IDENTIFIER = heka.Demo;
				PRODUCT_NAME = "$(TARGET_NAME)";
				SWIFT_VERSION = 4.2;
				TARGETED_DEVICE_FAMILY = "1,2";
			};
			name = Debug;
		};
		97664396217F1FB000EB4C5F /* Release */ = {
			isa = XCBuildConfiguration;
			baseConfigurationReference = C41EADB5CE476D795DCBA53F /* Pods-Demo.release.xcconfig */;
			buildSettings = {
				ASSETCATALOG_COMPILER_APPICON_NAME = AppIcon;
				CODE_SIGN_STYLE = Automatic;
				DEVELOPMENT_TEAM = V434W54Y9J;
				INFOPLIST_FILE = Demo/Info.plist;
				LD_RUNPATH_SEARCH_PATHS = (
					"$(inherited)",
					"@executable_path/Frameworks",
				);
				PRODUCT_BUNDLE_IDENTIFIER = heka.Demo;
				PRODUCT_NAME = "$(TARGET_NAME)";
				SWIFT_VERSION = 4.2;
				TARGETED_DEVICE_FAMILY = "1,2";
			};
			name = Release;
		};
/* End XCBuildConfiguration section */

/* Begin XCConfigurationList section */
		9766437D217F1FAE00EB4C5F /* Build configuration list for PBXProject "Demo" */ = {
			isa = XCConfigurationList;
			buildConfigurations = (
				97664392217F1FB000EB4C5F /* Debug */,
				97664393217F1FB000EB4C5F /* Release */,
			);
			defaultConfigurationIsVisible = 0;
			defaultConfigurationName = Release;
		};
		97664394217F1FB000EB4C5F /* Build configuration list for PBXNativeTarget "Demo" */ = {
			isa = XCConfigurationList;
			buildConfigurations = (
				97664395217F1FB000EB4C5F /* Debug */,
				97664396217F1FB000EB4C5F /* Release */,
			);
			defaultConfigurationIsVisible = 0;
			defaultConfigurationName = Release;
		};
/* End XCConfigurationList section */
	};
	rootObject = 9766437A217F1FAE00EB4C5F /* Project object */;
}
