// !$*UTF8*$!
{
	archiveVersion = 1;
	classes = {
	};
	objectVersion = 50;
	objects = {

/* Begin PBXBuildFile section */
		9700EA922186C54600A6E4DA /* manrope-regular.otf in Resources */ = {isa = PBXBuildFile; fileRef = 9700EA862186C54500A6E4DA /* manrope-regular.otf */; };
		9700EA932186C54600A6E4DA /* manrope-regular.ttf in Resources */ = {isa = PBXBuildFile; fileRef = 9700EA872186C54500A6E4DA /* manrope-regular.ttf */; };
		9700EA942186C54600A6E4DA /* manrope-light.otf in Resources */ = {isa = PBXBuildFile; fileRef = 9700EA882186C54500A6E4DA /* manrope-light.otf */; };
		9700EA952186C54600A6E4DA /* manrope-semibold.otf in Resources */ = {isa = PBXBuildFile; fileRef = 9700EA892186C54500A6E4DA /* manrope-semibold.otf */; };
		9700EA962186C54600A6E4DA /* manrope-bold.ttf in Resources */ = {isa = PBXBuildFile; fileRef = 9700EA8A2186C54500A6E4DA /* manrope-bold.ttf */; };
		9700EA972186C54600A6E4DA /* manrope-semibold.ttf in Resources */ = {isa = PBXBuildFile; fileRef = 9700EA8B2186C54500A6E4DA /* manrope-semibold.ttf */; };
		9700EA982186C54600A6E4DA /* manrope-thin.otf in Resources */ = {isa = PBXBuildFile; fileRef = 9700EA8C2186C54500A6E4DA /* manrope-thin.otf */; };
		9700EA992186C54600A6E4DA /* manrope-medium.otf in Resources */ = {isa = PBXBuildFile; fileRef = 9700EA8D2186C54500A6E4DA /* manrope-medium.otf */; };
		9700EA9A2186C54600A6E4DA /* manrope-thin.ttf in Resources */ = {isa = PBXBuildFile; fileRef = 9700EA8E2186C54500A6E4DA /* manrope-thin.ttf */; };
		9700EA9B2186C54600A6E4DA /* manrope-light.ttf in Resources */ = {isa = PBXBuildFile; fileRef = 9700EA8F2186C54500A6E4DA /* manrope-light.ttf */; };
		9700EA9C2186C54600A6E4DA /* manrope-medium.ttf in Resources */ = {isa = PBXBuildFile; fileRef = 9700EA902186C54500A6E4DA /* manrope-medium.ttf */; };
		9700EA9D2186C54600A6E4DA /* manrope-bold.otf in Resources */ = {isa = PBXBuildFile; fileRef = 9700EA912186C54600A6E4DA /* manrope-bold.otf */; };
		97586ACE218754DC00A05971 /* Global.swift in Sources */ = {isa = PBXBuildFile; fileRef = 97586ACD218754DC00A05971 /* Global.swift */; };
		975BD1602196898A00F0ADA7 /* P2PManager.swift in Sources */ = {isa = PBXBuildFile; fileRef = 975BD15F2196898A00F0ADA7 /* P2PManager.swift */; };
		975BD1622196D7E600F0ADA7 /* SignUp.storyboard in Resources */ = {isa = PBXBuildFile; fileRef = 975BD1612196D7E600F0ADA7 /* SignUp.storyboard */; };
		975BD1642196E5C100F0ADA7 /* SignupView.swift in Sources */ = {isa = PBXBuildFile; fileRef = 975BD1632196E5C100F0ADA7 /* SignupView.swift */; };
		97664386217F1FAE00EB4C5F /* AppDelegate.swift in Sources */ = {isa = PBXBuildFile; fileRef = 97664385217F1FAE00EB4C5F /* AppDelegate.swift */; };
		97664388217F1FAE00EB4C5F /* BaseView.swift in Sources */ = {isa = PBXBuildFile; fileRef = 97664387217F1FAE00EB4C5F /* BaseView.swift */; };
		9766438B217F1FAE00EB4C5F /* Main.storyboard in Resources */ = {isa = PBXBuildFile; fileRef = 97664389217F1FAE00EB4C5F /* Main.storyboard */; };
		97664390217F1FB000EB4C5F /* LaunchScreen.storyboard in Resources */ = {isa = PBXBuildFile; fileRef = 9766438E217F1FB000EB4C5F /* LaunchScreen.storyboard */; };
		97869C3821815643007B0C73 /* LoadingView.swift in Sources */ = {isa = PBXBuildFile; fileRef = 97869C3721815643007B0C73 /* LoadingView.swift */; };
		97869C3C218159B6007B0C73 /* Animation.swift in Sources */ = {isa = PBXBuildFile; fileRef = 97869C3B218159B6007B0C73 /* Animation.swift */; };
		979A13222191435E0019A29E /* Onboarding.storyboard in Resources */ = {isa = PBXBuildFile; fileRef = 979A13212191435E0019A29E /* Onboarding.storyboard */; };
		979A1324219146130019A29E /* OnboardingView.swift in Sources */ = {isa = PBXBuildFile; fileRef = 979A1323219146130019A29E /* OnboardingView.swift */; };
		979A1326219182B10019A29E /* UIView.swift in Sources */ = {isa = PBXBuildFile; fileRef = 979A1325219182B10019A29E /* UIView.swift */; };
		979A1329219192B30019A29E /* FragmentMessage.swift in Sources */ = {isa = PBXBuildFile; fileRef = 979A1328219192B30019A29E /* FragmentMessage.swift */; };
		97C3EAE1218A8D6600E70C50 /* Secrets.plist in Resources */ = {isa = PBXBuildFile; fileRef = 97C3EAE0218A8D6600E70C50 /* Secrets.plist */; };
		97C3EAE3218AF0FF00E70C50 /* Assets.xcassets in Resources */ = {isa = PBXBuildFile; fileRef = 97C3EAE2218AF0FE00E70C50 /* Assets.xcassets */; };
		97DAFC8E21954E7500BF9B9E /* Fragment.swift in Sources */ = {isa = PBXBuildFile; fileRef = 97DAFC8D21954E7500BF9B9E /* Fragment.swift */; };
		97DB2B78218170B60060CA50 /* UIColor.swift in Sources */ = {isa = PBXBuildFile; fileRef = 97DB2B77218170B60060CA50 /* UIColor.swift */; };
		97DB2B7A2181B9020060CA50 /* P2PServiceProtocols.swift in Sources */ = {isa = PBXBuildFile; fileRef = 97DB2B792181B9020060CA50 /* P2PServiceProtocols.swift */; };
		97DB2B7C2181B90A0060CA50 /* P2PService.swift in Sources */ = {isa = PBXBuildFile; fileRef = 97DB2B7B2181B90A0060CA50 /* P2PService.swift */; };
		97DB2B7E2181B97B0060CA50 /* Advertiser.swift in Sources */ = {isa = PBXBuildFile; fileRef = 97DB2B7D2181B97B0060CA50 /* Advertiser.swift */; };
		97DB2B802181B9B40060CA50 /* Browser.swift in Sources */ = {isa = PBXBuildFile; fileRef = 97DB2B7F2181B9B40060CA50 /* Browser.swift */; };
		97DB2B822181B9DB0060CA50 /* Session.swift in Sources */ = {isa = PBXBuildFile; fileRef = 97DB2B812181B9DB0060CA50 /* Session.swift */; };
		9FE666C8385CCDB769D5EADD /* Pods_Demo.framework in Frameworks */ = {isa = PBXBuildFile; fileRef = 3F9CDE462D7E4DA33D7E6850 /* Pods_Demo.framework */; };
/* End PBXBuildFile section */

/* Begin PBXFileReference section */
		3F9CDE462D7E4DA33D7E6850 /* Pods_Demo.framework */ = {isa = PBXFileReference; explicitFileType = wrapper.framework; includeInIndex = 0; path = Pods_Demo.framework; sourceTree = BUILT_PRODUCTS_DIR; };
		9700EA862186C54500A6E4DA /* manrope-regular.otf */ = {isa = PBXFileReference; lastKnownFileType = file; path = "manrope-regular.otf"; sourceTree = "<group>"; };
		9700EA872186C54500A6E4DA /* manrope-regular.ttf */ = {isa = PBXFileReference; lastKnownFileType = file; path = "manrope-regular.ttf"; sourceTree = "<group>"; };
		9700EA882186C54500A6E4DA /* manrope-light.otf */ = {isa = PBXFileReference; lastKnownFileType = file; path = "manrope-light.otf"; sourceTree = "<group>"; };
		9700EA892186C54500A6E4DA /* manrope-semibold.otf */ = {isa = PBXFileReference; lastKnownFileType = file; path = "manrope-semibold.otf"; sourceTree = "<group>"; };
		9700EA8A2186C54500A6E4DA /* manrope-bold.ttf */ = {isa = PBXFileReference; lastKnownFileType = file; path = "manrope-bold.ttf"; sourceTree = "<group>"; };
		9700EA8B2186C54500A6E4DA /* manrope-semibold.ttf */ = {isa = PBXFileReference; lastKnownFileType = file; path = "manrope-semibold.ttf"; sourceTree = "<group>"; };
		9700EA8C2186C54500A6E4DA /* manrope-thin.otf */ = {isa = PBXFileReference; lastKnownFileType = file; path = "manrope-thin.otf"; sourceTree = "<group>"; };
		9700EA8D2186C54500A6E4DA /* manrope-medium.otf */ = {isa = PBXFileReference; lastKnownFileType = file; path = "manrope-medium.otf"; sourceTree = "<group>"; };
		9700EA8E2186C54500A6E4DA /* manrope-thin.ttf */ = {isa = PBXFileReference; lastKnownFileType = file; path = "manrope-thin.ttf"; sourceTree = "<group>"; };
		9700EA8F2186C54500A6E4DA /* manrope-light.ttf */ = {isa = PBXFileReference; lastKnownFileType = file; path = "manrope-light.ttf"; sourceTree = "<group>"; };
		9700EA902186C54500A6E4DA /* manrope-medium.ttf */ = {isa = PBXFileReference; lastKnownFileType = file; path = "manrope-medium.ttf"; sourceTree = "<group>"; };
		9700EA912186C54600A6E4DA /* manrope-bold.otf */ = {isa = PBXFileReference; lastKnownFileType = file; path = "manrope-bold.otf"; sourceTree = "<group>"; };
		97586ACD218754DC00A05971 /* Global.swift */ = {isa = PBXFileReference; lastKnownFileType = sourcecode.swift; path = Global.swift; sourceTree = "<group>"; };
		975BD15F2196898A00F0ADA7 /* P2PManager.swift */ = {isa = PBXFileReference; lastKnownFileType = sourcecode.swift; path = P2PManager.swift; sourceTree = "<group>"; };
		975BD1612196D7E600F0ADA7 /* SignUp.storyboard */ = {isa = PBXFileReference; lastKnownFileType = file.storyboard; path = SignUp.storyboard; sourceTree = "<group>"; };
		975BD1632196E5C100F0ADA7 /* SignupView.swift */ = {isa = PBXFileReference; lastKnownFileType = sourcecode.swift; path = SignupView.swift; sourceTree = "<group>"; };
		97664382217F1FAE00EB4C5F /* Demo.app */ = {isa = PBXFileReference; explicitFileType = wrapper.application; includeInIndex = 0; path = Demo.app; sourceTree = BUILT_PRODUCTS_DIR; };
		97664385217F1FAE00EB4C5F /* AppDelegate.swift */ = {isa = PBXFileReference; lastKnownFileType = sourcecode.swift; path = AppDelegate.swift; sourceTree = "<group>"; };
		97664387217F1FAE00EB4C5F /* BaseView.swift */ = {isa = PBXFileReference; lastKnownFileType = sourcecode.swift; path = BaseView.swift; sourceTree = "<group>"; };
		9766438A217F1FAE00EB4C5F /* Base */ = {isa = PBXFileReference; lastKnownFileType = file.storyboard; name = Base; path = Base.lproj/Main.storyboard; sourceTree = "<group>"; };
		9766438F217F1FB000EB4C5F /* Base */ = {isa = PBXFileReference; lastKnownFileType = file.storyboard; name = Base; path = Base.lproj/LaunchScreen.storyboard; sourceTree = "<group>"; };
		97664391217F1FB000EB4C5F /* Info.plist */ = {isa = PBXFileReference; lastKnownFileType = text.plist.xml; path = Info.plist; sourceTree = "<group>"; };
		97869C3721815643007B0C73 /* LoadingView.swift */ = {isa = PBXFileReference; lastKnownFileType = sourcecode.swift; path = LoadingView.swift; sourceTree = "<group>"; };
		97869C3B218159B6007B0C73 /* Animation.swift */ = {isa = PBXFileReference; lastKnownFileType = sourcecode.swift; path = Animation.swift; sourceTree = "<group>"; };
		979A13212191435E0019A29E /* Onboarding.storyboard */ = {isa = PBXFileReference; lastKnownFileType = file.storyboard; path = Onboarding.storyboard; sourceTree = "<group>"; };
		979A1323219146130019A29E /* OnboardingView.swift */ = {isa = PBXFileReference; lastKnownFileType = sourcecode.swift; path = OnboardingView.swift; sourceTree = "<group>"; };
		979A1325219182B10019A29E /* UIView.swift */ = {isa = PBXFileReference; lastKnownFileType = sourcecode.swift; path = UIView.swift; sourceTree = "<group>"; };
		979A1328219192B30019A29E /* FragmentMessage.swift */ = {isa = PBXFileReference; lastKnownFileType = sourcecode.swift; path = FragmentMessage.swift; sourceTree = "<group>"; };
		97C3EAE0218A8D6600E70C50 /* Secrets.plist */ = {isa = PBXFileReference; lastKnownFileType = text.plist.xml; path = Secrets.plist; sourceTree = "<group>"; };
		97C3EAE2218AF0FE00E70C50 /* Assets.xcassets */ = {isa = PBXFileReference; lastKnownFileType = folder.assetcatalog; path = Assets.xcassets; sourceTree = "<group>"; };
		97DAFC8D21954E7500BF9B9E /* Fragment.swift */ = {isa = PBXFileReference; lastKnownFileType = sourcecode.swift; path = Fragment.swift; sourceTree = "<group>"; };
		97DB2B77218170B60060CA50 /* UIColor.swift */ = {isa = PBXFileReference; lastKnownFileType = sourcecode.swift; path = UIColor.swift; sourceTree = "<group>"; };
		97DB2B792181B9020060CA50 /* P2PServiceProtocols.swift */ = {isa = PBXFileReference; fileEncoding = 4; lastKnownFileType = sourcecode.swift; path = P2PServiceProtocols.swift; sourceTree = "<group>"; };
		97DB2B7B2181B90A0060CA50 /* P2PService.swift */ = {isa = PBXFileReference; fileEncoding = 4; lastKnownFileType = sourcecode.swift; path = P2PService.swift; sourceTree = "<group>"; };
		97DB2B7D2181B97B0060CA50 /* Advertiser.swift */ = {isa = PBXFileReference; lastKnownFileType = sourcecode.swift; path = Advertiser.swift; sourceTree = "<group>"; };
		97DB2B7F2181B9B40060CA50 /* Browser.swift */ = {isa = PBXFileReference; lastKnownFileType = sourcecode.swift; path = Browser.swift; sourceTree = "<group>"; };
		97DB2B812181B9DB0060CA50 /* Session.swift */ = {isa = PBXFileReference; lastKnownFileType = sourcecode.swift; path = Session.swift; sourceTree = "<group>"; };
		C41EADB5CE476D795DCBA53F /* Pods-Demo.release.xcconfig */ = {isa = PBXFileReference; includeInIndex = 1; lastKnownFileType = text.xcconfig; name = "Pods-Demo.release.xcconfig"; path = "Pods/Target Support Files/Pods-Demo/Pods-Demo.release.xcconfig"; sourceTree = "<group>"; };
		D97DA6134243ADC57ADB73C7 /* Pods-Demo.debug.xcconfig */ = {isa = PBXFileReference; includeInIndex = 1; lastKnownFileType = text.xcconfig; name = "Pods-Demo.debug.xcconfig"; path = "Pods/Target Support Files/Pods-Demo/Pods-Demo.debug.xcconfig"; sourceTree = "<group>"; };
/* End PBXFileReference section */

/* Begin PBXFrameworksBuildPhase section */
		9766437F217F1FAE00EB4C5F /* Frameworks */ = {
			isa = PBXFrameworksBuildPhase;
			buildActionMask = 2147483647;
			files = (
				9FE666C8385CCDB769D5EADD /* Pods_Demo.framework in Frameworks */,
			);
			runOnlyForDeploymentPostprocessing = 0;
		};
/* End PBXFrameworksBuildPhase section */

/* Begin PBXGroup section */
		3DB9171DB7A1091AF3A97C35 /* Frameworks */ = {
			isa = PBXGroup;
			children = (
				3F9CDE462D7E4DA33D7E6850 /* Pods_Demo.framework */,
			);
			name = Frameworks;
			sourceTree = "<group>";
		};
		3E581CEB744BFAE98DF07FD4 /* Pods */ = {
			isa = PBXGroup;
			children = (
				D97DA6134243ADC57ADB73C7 /* Pods-Demo.debug.xcconfig */,
				C41EADB5CE476D795DCBA53F /* Pods-Demo.release.xcconfig */,
			);
			name = Pods;
			sourceTree = "<group>";
		};
		9700EA852186C52C00A6E4DA /* Assets */ = {
			isa = PBXGroup;
			children = (
				9700EA912186C54600A6E4DA /* manrope-bold.otf */,
				9700EA8A2186C54500A6E4DA /* manrope-bold.ttf */,
				9700EA882186C54500A6E4DA /* manrope-light.otf */,
				9700EA8F2186C54500A6E4DA /* manrope-light.ttf */,
				9700EA8D2186C54500A6E4DA /* manrope-medium.otf */,
				9700EA902186C54500A6E4DA /* manrope-medium.ttf */,
				9700EA862186C54500A6E4DA /* manrope-regular.otf */,
				9700EA872186C54500A6E4DA /* manrope-regular.ttf */,
				9700EA892186C54500A6E4DA /* manrope-semibold.otf */,
				9700EA8B2186C54500A6E4DA /* manrope-semibold.ttf */,
				9700EA8C2186C54500A6E4DA /* manrope-thin.otf */,
				9700EA8E2186C54500A6E4DA /* manrope-thin.ttf */,
			);
			path = Assets;
			sourceTree = "<group>";
		};
		975BD1652196E90000F0ADA7 /* Extensions */ = {
			isa = PBXGroup;
			children = (
				97DB2B77218170B60060CA50 /* UIColor.swift */,
				97869C3B218159B6007B0C73 /* Animation.swift */,
				979A1325219182B10019A29E /* UIView.swift */,
			);
			path = Extensions;
			sourceTree = "<group>";
		};
		97664379217F1FAE00EB4C5F = {
			isa = PBXGroup;
			children = (
				97C3EAE2218AF0FE00E70C50 /* Assets.xcassets */,
				9700EA852186C52C00A6E4DA /* Assets */,
				97664384217F1FAE00EB4C5F /* Demo */,
				97664383217F1FAE00EB4C5F /* Products */,
				3E581CEB744BFAE98DF07FD4 /* Pods */,
				3DB9171DB7A1091AF3A97C35 /* Frameworks */,
			);
			sourceTree = "<group>";
		};
		97664383217F1FAE00EB4C5F /* Products */ = {
			isa = PBXGroup;
			children = (
				97664382217F1FAE00EB4C5F /* Demo.app */,
			);
			name = Products;
			sourceTree = "<group>";
		};
		97664384217F1FAE00EB4C5F /* Demo */ = {
			isa = PBXGroup;
			children = (
				979A1320219143470019A29E /* Storyboards */,
				97869C392181591B007B0C73 /* Controllers */,
				979A1327219192730019A29E /* Model */,
				97DB2B7621816D760060CA50 /* P2P */,
				97869C3A2181594B007B0C73 /* Utility */,
				97664385217F1FAE00EB4C5F /* AppDelegate.swift */,
				97664391217F1FB000EB4C5F /* Info.plist */,
				97C3EAE0218A8D6600E70C50 /* Secrets.plist */,
			);
			path = Demo;
			sourceTree = "<group>";
		};
		97869C392181591B007B0C73 /* Controllers */ = {
			isa = PBXGroup;
			children = (
				97664387217F1FAE00EB4C5F /* BaseView.swift */,
				979A1323219146130019A29E /* OnboardingView.swift */,
				97869C3721815643007B0C73 /* LoadingView.swift */,
				975BD1632196E5C100F0ADA7 /* SignupView.swift */,
			);
			path = Controllers;
			sourceTree = "<group>";
		};
		97869C3A2181594B007B0C73 /* Utility */ = {
			isa = PBXGroup;
			children = (
				975BD1652196E90000F0ADA7 /* Extensions */,
				97586ACD218754DC00A05971 /* Global.swift */,
			);
			path = Utility;
			sourceTree = "<group>";
		};
		979A1320219143470019A29E /* Storyboards */ = {
			isa = PBXGroup;
			children = (
				979A13212191435E0019A29E /* Onboarding.storyboard */,
				97664389217F1FAE00EB4C5F /* Main.storyboard */,
				9766438E217F1FB000EB4C5F /* LaunchScreen.storyboard */,
				975BD1612196D7E600F0ADA7 /* SignUp.storyboard */,
			);
			path = Storyboards;
			sourceTree = "<group>";
		};
		979A1327219192730019A29E /* Model */ = {
			isa = PBXGroup;
			children = (
				979A1328219192B30019A29E /* FragmentMessage.swift */,
				97DAFC8D21954E7500BF9B9E /* Fragment.swift */,
			);
			path = Model;
			sourceTree = "<group>";
		};
		97DB2B7621816D760060CA50 /* P2P */ = {
			isa = PBXGroup;
			children = (
				97DB2B7B2181B90A0060CA50 /* P2PService.swift */,
				97DB2B7D2181B97B0060CA50 /* Advertiser.swift */,
				97DB2B7F2181B9B40060CA50 /* Browser.swift */,
				97DB2B812181B9DB0060CA50 /* Session.swift */,
				975BD15F2196898A00F0ADA7 /* P2PManager.swift */,
				97DB2B792181B9020060CA50 /* P2PServiceProtocols.swift */,
			);
			path = P2P;
			sourceTree = "<group>";
		};
/* End PBXGroup section */

/* Begin PBXNativeTarget section */
		97664381217F1FAE00EB4C5F /* Demo */ = {
			isa = PBXNativeTarget;
			buildConfigurationList = 97664394217F1FB000EB4C5F /* Build configuration list for PBXNativeTarget "Demo" */;
			buildPhases = (
				E58C154CD38B7750C83FD187 /* [CP] Check Pods Manifest.lock */,
				9766437E217F1FAE00EB4C5F /* Sources */,
				9766437F217F1FAE00EB4C5F /* Frameworks */,
				97664380217F1FAE00EB4C5F /* Resources */,
				1CD15AB555D0596C275017A1 /* [CP] Embed Pods Frameworks */,
			);
			buildRules = (
			);
			dependencies = (
			);
			name = Demo;
			productName = Demo;
			productReference = 97664382217F1FAE00EB4C5F /* Demo.app */;
			productType = "com.apple.product-type.application";
		};
/* End PBXNativeTarget section */

/* Begin PBXProject section */
		9766437A217F1FAE00EB4C5F /* Project object */ = {
			isa = PBXProject;
			attributes = {
				LastSwiftUpdateCheck = 1000;
				LastUpgradeCheck = 1000;
				ORGANIZATIONNAME = Heka;
				TargetAttributes = {
					97664381217F1FAE00EB4C5F = {
						CreatedOnToolsVersion = 10.0;
					};
				};
			};
			buildConfigurationList = 9766437D217F1FAE00EB4C5F /* Build configuration list for PBXProject "Demo" */;
			compatibilityVersion = "Xcode 9.3";
			developmentRegion = en;
			hasScannedForEncodings = 0;
			knownRegions = (
				en,
				Base,
			);
			mainGroup = 97664379217F1FAE00EB4C5F;
			productRefGroup = 97664383217F1FAE00EB4C5F /* Products */;
			projectDirPath = "";
			projectRoot = "";
			targets = (
				97664381217F1FAE00EB4C5F /* Demo */,
			);
		};
/* End PBXProject section */

/* Begin PBXResourcesBuildPhase section */
		97664380217F1FAE00EB4C5F /* Resources */ = {
			isa = PBXResourcesBuildPhase;
			buildActionMask = 2147483647;
			files = (
				97C3EAE1218A8D6600E70C50 /* Secrets.plist in Resources */,
				9700EA9C2186C54600A6E4DA /* manrope-medium.ttf in Resources */,
				975BD1622196D7E600F0ADA7 /* SignUp.storyboard in Resources */,
				9700EA992186C54600A6E4DA /* manrope-medium.otf in Resources */,
				9700EA932186C54600A6E4DA /* manrope-regular.ttf in Resources */,
				9700EA972186C54600A6E4DA /* manrope-semibold.ttf in Resources */,
				9700EA9B2186C54600A6E4DA /* manrope-light.ttf in Resources */,
				9700EA952186C54600A6E4DA /* manrope-semibold.otf in Resources */,
				9700EA9D2186C54600A6E4DA /* manrope-bold.otf in Resources */,
				9700EA982186C54600A6E4DA /* manrope-thin.otf in Resources */,
				97664390217F1FB000EB4C5F /* LaunchScreen.storyboard in Resources */,
				979A13222191435E0019A29E /* Onboarding.storyboard in Resources */,
				9700EA9A2186C54600A6E4DA /* manrope-thin.ttf in Resources */,
				9700EA962186C54600A6E4DA /* manrope-bold.ttf in Resources */,
				9766438B217F1FAE00EB4C5F /* Main.storyboard in Resources */,
				9700EA922186C54600A6E4DA /* manrope-regular.otf in Resources */,
				97C3EAE3218AF0FF00E70C50 /* Assets.xcassets in Resources */,
				9700EA942186C54600A6E4DA /* manrope-light.otf in Resources */,
			);
			runOnlyForDeploymentPostprocessing = 0;
		};
/* End PBXResourcesBuildPhase section */

/* Begin PBXShellScriptBuildPhase section */
		1CD15AB555D0596C275017A1 /* [CP] Embed Pods Frameworks */ = {
			isa = PBXShellScriptBuildPhase;
			buildActionMask = 2147483647;
			files = (
			);
			inputPaths = (
				"${SRCROOT}/Pods/Target Support Files/Pods-Demo/Pods-Demo-frameworks.sh",
				"${BUILT_PRODUCTS_DIR}/BarcodeScanner/BarcodeScanner.framework",
				"${BUILT_PRODUCTS_DIR}/Hero/Hero.framework",
				"${BUILT_PRODUCTS_DIR}/IQKeyboardManager/IQKeyboardManager.framework",
				"${BUILT_PRODUCTS_DIR}/ObjectMapper/ObjectMapper.framework",
				"${BUILT_PRODUCTS_DIR}/SwiftHash/SwiftHash.framework",
				"${BUILT_PRODUCTS_DIR}/SwiftyJSON/SwiftyJSON.framework",
			);
			name = "[CP] Embed Pods Frameworks";
			outputPaths = (
				"${TARGET_BUILD_DIR}/${FRAMEWORKS_FOLDER_PATH}/BarcodeScanner.framework",
				"${TARGET_BUILD_DIR}/${FRAMEWORKS_FOLDER_PATH}/Hero.framework",
				"${TARGET_BUILD_DIR}/${FRAMEWORKS_FOLDER_PATH}/IQKeyboardManager.framework",
				"${TARGET_BUILD_DIR}/${FRAMEWORKS_FOLDER_PATH}/ObjectMapper.framework",
				"${TARGET_BUILD_DIR}/${FRAMEWORKS_FOLDER_PATH}/SwiftHash.framework",
				"${TARGET_BUILD_DIR}/${FRAMEWORKS_FOLDER_PATH}/SwiftyJSON.framework",
			);
			runOnlyForDeploymentPostprocessing = 0;
			shellPath = /bin/sh;
			shellScript = "\"${SRCROOT}/Pods/Target Support Files/Pods-Demo/Pods-Demo-frameworks.sh\"\n";
			showEnvVarsInLog = 0;
		};
		E58C154CD38B7750C83FD187 /* [CP] Check Pods Manifest.lock */ = {
			isa = PBXShellScriptBuildPhase;
			buildActionMask = 2147483647;
			files = (
			);
			inputPaths = (
				"${PODS_PODFILE_DIR_PATH}/Podfile.lock",
				"${PODS_ROOT}/Manifest.lock",
			);
			name = "[CP] Check Pods Manifest.lock";
			outputPaths = (
				"$(DERIVED_FILE_DIR)/Pods-Demo-checkManifestLockResult.txt",
			);
			runOnlyForDeploymentPostprocessing = 0;
			shellPath = /bin/sh;
			shellScript = "diff \"${PODS_PODFILE_DIR_PATH}/Podfile.lock\" \"${PODS_ROOT}/Manifest.lock\" > /dev/null\nif [ $? != 0 ] ; then\n    # print error to STDERR\n    echo \"error: The sandbox is not in sync with the Podfile.lock. Run 'pod install' or update your CocoaPods installation.\" >&2\n    exit 1\nfi\n# This output is used by Xcode 'outputs' to avoid re-running this script phase.\necho \"SUCCESS\" > \"${SCRIPT_OUTPUT_FILE_0}\"\n";
			showEnvVarsInLog = 0;
		};
/* End PBXShellScriptBuildPhase section */

/* Begin PBXSourcesBuildPhase section */
		9766437E217F1FAE00EB4C5F /* Sources */ = {
			isa = PBXSourcesBuildPhase;
			buildActionMask = 2147483647;
			files = (
				97DAFC8E21954E7500BF9B9E /* Fragment.swift in Sources */,
				979A1326219182B10019A29E /* UIView.swift in Sources */,
				97DB2B822181B9DB0060CA50 /* Session.swift in Sources */,
				97586ACE218754DC00A05971 /* Global.swift in Sources */,
				97869C3821815643007B0C73 /* LoadingView.swift in Sources */,
				975BD1642196E5C100F0ADA7 /* SignupView.swift in Sources */,
				979A1329219192B30019A29E /* FragmentMessage.swift in Sources */,
				97DB2B7C2181B90A0060CA50 /* P2PService.swift in Sources */,
				97DB2B802181B9B40060CA50 /* Browser.swift in Sources */,
				975BD1602196898A00F0ADA7 /* P2PManager.swift in Sources */,
				97664388217F1FAE00EB4C5F /* BaseView.swift in Sources */,
				97869C3C218159B6007B0C73 /* Animation.swift in Sources */,
				97DB2B7E2181B97B0060CA50 /* Advertiser.swift in Sources */,
				979A1324219146130019A29E /* OnboardingView.swift in Sources */,
				97DB2B78218170B60060CA50 /* UIColor.swift in Sources */,
				97DB2B7A2181B9020060CA50 /* P2PServiceProtocols.swift in Sources */,
				97664386217F1FAE00EB4C5F /* AppDelegate.swift in Sources */,
			);
			runOnlyForDeploymentPostprocessing = 0;
		};
/* End PBXSourcesBuildPhase section */

/* Begin PBXVariantGroup section */
		97664389217F1FAE00EB4C5F /* Main.storyboard */ = {
			isa = PBXVariantGroup;
			children = (
				9766438A217F1FAE00EB4C5F /* Base */,
			);
			name = Main.storyboard;
			sourceTree = "<group>";
		};
		9766438E217F1FB000EB4C5F /* LaunchScreen.storyboard */ = {
			isa = PBXVariantGroup;
			children = (
				9766438F217F1FB000EB4C5F /* Base */,
			);
			name = LaunchScreen.storyboard;
			sourceTree = "<group>";
		};
/* End PBXVariantGroup section */

/* Begin XCBuildConfiguration section */
		97664392217F1FB000EB4C5F /* Debug */ = {
			isa = XCBuildConfiguration;
			buildSettings = {
				ALWAYS_SEARCH_USER_PATHS = NO;
				CLANG_ANALYZER_NONNULL = YES;
				CLANG_ANALYZER_NUMBER_OBJECT_CONVERSION = YES_AGGRESSIVE;
				CLANG_CXX_LANGUAGE_STANDARD = "gnu++14";
				CLANG_CXX_LIBRARY = "libc++";
				CLANG_ENABLE_MODULES = YES;
				CLANG_ENABLE_OBJC_ARC = YES;
				CLANG_ENABLE_OBJC_WEAK = YES;
				CLANG_WARN_BLOCK_CAPTURE_AUTORELEASING = YES;
				CLANG_WARN_BOOL_CONVERSION = YES;
				CLANG_WARN_COMMA = YES;
				CLANG_WARN_CONSTANT_CONVERSION = YES;
				CLANG_WARN_DEPRECATED_OBJC_IMPLEMENTATIONS = YES;
				CLANG_WARN_DIRECT_OBJC_ISA_USAGE = YES_ERROR;
				CLANG_WARN_DOCUMENTATION_COMMENTS = YES;
				CLANG_WARN_EMPTY_BODY = YES;
				CLANG_WARN_ENUM_CONVERSION = YES;
				CLANG_WARN_INFINITE_RECURSION = YES;
				CLANG_WARN_INT_CONVERSION = YES;
				CLANG_WARN_NON_LITERAL_NULL_CONVERSION = YES;
				CLANG_WARN_OBJC_IMPLICIT_RETAIN_SELF = YES;
				CLANG_WARN_OBJC_LITERAL_CONVERSION = YES;
				CLANG_WARN_OBJC_ROOT_CLASS = YES_ERROR;
				CLANG_WARN_RANGE_LOOP_ANALYSIS = YES;
				CLANG_WARN_STRICT_PROTOTYPES = YES;
				CLANG_WARN_SUSPICIOUS_MOVE = YES;
				CLANG_WARN_UNGUARDED_AVAILABILITY = YES_AGGRESSIVE;
				CLANG_WARN_UNREACHABLE_CODE = YES;
				CLANG_WARN__DUPLICATE_METHOD_MATCH = YES;
				CODE_SIGN_IDENTITY = "iPhone Developer";
				COPY_PHASE_STRIP = NO;
				DEBUG_INFORMATION_FORMAT = dwarf;
				ENABLE_STRICT_OBJC_MSGSEND = YES;
				ENABLE_TESTABILITY = YES;
				GCC_C_LANGUAGE_STANDARD = gnu11;
				GCC_DYNAMIC_NO_PIC = NO;
				GCC_NO_COMMON_BLOCKS = YES;
				GCC_OPTIMIZATION_LEVEL = 0;
				GCC_PREPROCESSOR_DEFINITIONS = (
					"DEBUG=1",
					"$(inherited)",
				);
				GCC_WARN_64_TO_32_BIT_CONVERSION = YES;
				GCC_WARN_ABOUT_RETURN_TYPE = YES_ERROR;
				GCC_WARN_UNDECLARED_SELECTOR = YES;
				GCC_WARN_UNINITIALIZED_AUTOS = YES_AGGRESSIVE;
				GCC_WARN_UNUSED_FUNCTION = YES;
				GCC_WARN_UNUSED_VARIABLE = YES;
				IPHONEOS_DEPLOYMENT_TARGET = 12.0;
				MTL_ENABLE_DEBUG_INFO = INCLUDE_SOURCE;
				MTL_FAST_MATH = YES;
				ONLY_ACTIVE_ARCH = YES;
				SDKROOT = iphoneos;
				SWIFT_ACTIVE_COMPILATION_CONDITIONS = DEBUG;
				SWIFT_OPTIMIZATION_LEVEL = "-Onone";
			};
			name = Debug;
		};
		97664393217F1FB000EB4C5F /* Release */ = {
			isa = XCBuildConfiguration;
			buildSettings = {
				ALWAYS_SEARCH_USER_PATHS = NO;
				CLANG_ANALYZER_NONNULL = YES;
				CLANG_ANALYZER_NUMBER_OBJECT_CONVERSION = YES_AGGRESSIVE;
				CLANG_CXX_LANGUAGE_STANDARD = "gnu++14";
				CLANG_CXX_LIBRARY = "libc++";
				CLANG_ENABLE_MODULES = YES;
				CLANG_ENABLE_OBJC_ARC = YES;
				CLANG_ENABLE_OBJC_WEAK = YES;
				CLANG_WARN_BLOCK_CAPTURE_AUTORELEASING = YES;
				CLANG_WARN_BOOL_CONVERSION = YES;
				CLANG_WARN_COMMA = YES;
				CLANG_WARN_CONSTANT_CONVERSION = YES;
				CLANG_WARN_DEPRECATED_OBJC_IMPLEMENTATIONS = YES;
				CLANG_WARN_DIRECT_OBJC_ISA_USAGE = YES_ERROR;
				CLANG_WARN_DOCUMENTATION_COMMENTS = YES;
				CLANG_WARN_EMPTY_BODY = YES;
				CLANG_WARN_ENUM_CONVERSION = YES;
				CLANG_WARN_INFINITE_RECURSION = YES;
				CLANG_WARN_INT_CONVERSION = YES;
				CLANG_WARN_NON_LITERAL_NULL_CONVERSION = YES;
				CLANG_WARN_OBJC_IMPLICIT_RETAIN_SELF = YES;
				CLANG_WARN_OBJC_LITERAL_CONVERSION = YES;
				CLANG_WARN_OBJC_ROOT_CLASS = YES_ERROR;
				CLANG_WARN_RANGE_LOOP_ANALYSIS = YES;
				CLANG_WARN_STRICT_PROTOTYPES = YES;
				CLANG_WARN_SUSPICIOUS_MOVE = YES;
				CLANG_WARN_UNGUARDED_AVAILABILITY = YES_AGGRESSIVE;
				CLANG_WARN_UNREACHABLE_CODE = YES;
				CLANG_WARN__DUPLICATE_METHOD_MATCH = YES;
				CODE_SIGN_IDENTITY = "iPhone Developer";
				COPY_PHASE_STRIP = NO;
				DEBUG_INFORMATION_FORMAT = "dwarf-with-dsym";
				ENABLE_NS_ASSERTIONS = NO;
				ENABLE_STRICT_OBJC_MSGSEND = YES;
				GCC_C_LANGUAGE_STANDARD = gnu11;
				GCC_NO_COMMON_BLOCKS = YES;
				GCC_WARN_64_TO_32_BIT_CONVERSION = YES;
				GCC_WARN_ABOUT_RETURN_TYPE = YES_ERROR;
				GCC_WARN_UNDECLARED_SELECTOR = YES;
				GCC_WARN_UNINITIALIZED_AUTOS = YES_AGGRESSIVE;
				GCC_WARN_UNUSED_FUNCTION = YES;
				GCC_WARN_UNUSED_VARIABLE = YES;
				IPHONEOS_DEPLOYMENT_TARGET = 12.0;
				MTL_ENABLE_DEBUG_INFO = NO;
				MTL_FAST_MATH = YES;
				SDKROOT = iphoneos;
				SWIFT_COMPILATION_MODE = wholemodule;
				SWIFT_OPTIMIZATION_LEVEL = "-O";
				VALIDATE_PRODUCT = YES;
			};
			name = Release;
		};
		97664395217F1FB000EB4C5F /* Debug */ = {
			isa = XCBuildConfiguration;
			baseConfigurationReference = D97DA6134243ADC57ADB73C7 /* Pods-Demo.debug.xcconfig */;
			buildSettings = {
				ASSETCATALOG_COMPILER_APPICON_NAME = AppIcon;
				CODE_SIGN_STYLE = Automatic;
				DEVELOPMENT_TEAM = V434W54Y9J;
				INFOPLIST_FILE = Demo/Info.plist;
				LD_RUNPATH_SEARCH_PATHS = (
					"$(inherited)",
					"@executable_path/Frameworks",
				);
				PRODUCT_BUNDLE_IDENTIFIER = heka.Demo;
				PRODUCT_NAME = "$(TARGET_NAME)";
				SWIFT_VERSION = 4.2;
				TARGETED_DEVICE_FAMILY = 1;
			};
			name = Debug;
		};
		97664396217F1FB000EB4C5F /* Release */ = {
			isa = XCBuildConfiguration;
			baseConfigurationReference = C41EADB5CE476D795DCBA53F /* Pods-Demo.release.xcconfig */;
			buildSettings = {
				ASSETCATALOG_COMPILER_APPICON_NAME = AppIcon;
				CODE_SIGN_STYLE = Automatic;
				DEVELOPMENT_TEAM = V434W54Y9J;
				INFOPLIST_FILE = Demo/Info.plist;
				LD_RUNPATH_SEARCH_PATHS = (
					"$(inherited)",
					"@executable_path/Frameworks",
				);
				PRODUCT_BUNDLE_IDENTIFIER = heka.Demo;
				PRODUCT_NAME = "$(TARGET_NAME)";
				SWIFT_VERSION = 4.2;
				TARGETED_DEVICE_FAMILY = 1;
			};
			name = Release;
		};
/* End XCBuildConfiguration section */

/* Begin XCConfigurationList section */
		9766437D217F1FAE00EB4C5F /* Build configuration list for PBXProject "Demo" */ = {
			isa = XCConfigurationList;
			buildConfigurations = (
				97664392217F1FB000EB4C5F /* Debug */,
				97664393217F1FB000EB4C5F /* Release */,
			);
			defaultConfigurationIsVisible = 0;
			defaultConfigurationName = Release;
		};
		97664394217F1FB000EB4C5F /* Build configuration list for PBXNativeTarget "Demo" */ = {
			isa = XCConfigurationList;
			buildConfigurations = (
				97664395217F1FB000EB4C5F /* Debug */,
				97664396217F1FB000EB4C5F /* Release */,
			);
			defaultConfigurationIsVisible = 0;
			defaultConfigurationName = Release;
		};
/* End XCConfigurationList section */
	};
	rootObject = 9766437A217F1FAE00EB4C5F /* Project object */;
}
